# THIS IS AN AUTOGENERATED FILE. DO NOT EDIT THIS FILE DIRECTLY.
# yarn lockfile v1


storyblok-rich-text-react-renderer@^1.2.0:
  version "1.2.0"
  resolved "https://registry.npmjs.org/storyblok-rich-text-react-renderer/-/storyblok-rich-text-react-renderer-1.2.0.tgz#6c7040349eed7ae5d42e3a9ba2754ac356289b00"
  integrity sha512-How5tZyXmi6fvBiVwsvjGxhCNQkAnKSIltyMsizcJv4HE1XA5kwKy2+tz5xd6nM38U3l8Y+LfPQ6lchiG3jKbA==
